
Microsoft Visual Studio Solution File, Format Version 12.00
Project("{FAE04EC0-301F-11D3-BF4B-00C04F79EFBC}") = "DbTest.Containers", "DbTest.Containers\DbTest.Containers.csproj", "{1B446D5B-4249-49AB-8F65-822708015269}"
EndProject
Global
	GlobalSection(SolutionConfigurationPlatforms) = preSolution
		Debug|Any CPU = Debug|Any CPU
		Release|Any CPU = Release|Any CPU
	EndGlobalSection
	GlobalSection(ProjectConfigurationPlatforms) = postSolution
		{1B446D5B-4249-49AB-8F65-822708015269}.Debug|Any CPU.ActiveCfg = Debug|Any CPU
		{1B446D5B-4249-49AB-8F65-822708015269}.Debug|Any CPU.Build.0 = Debug|Any CPU
		{1B446D5B-4249-49AB-8F65-822708015269}.Release|Any CPU.ActiveCfg = Release|Any CPU
		{1B446D5B-4249-49AB-8F65-822708015269}.Release|Any CPU.Build.0 = Release|Any CPU
	EndGlobalSection
EndGlobal
